
Microsoft Visual Studio Solution File, Format Version 12.00
# Visual Studio Version 16
VisualStudioVersion = 16.0.31019.35
MinimumVisualStudioVersion = 10.0.40219.1
Project("{FAE04EC0-301F-11D3-BF4B-00C04F79EFBC}") = "MySQL_Xampp_VS", "MySQL_Xampp_VS\MySQL_Xampp_VS.csproj", "{CBD5006A-F261-455E-924C-49947849EAA0}"
EndProject
Global
	GlobalSection(SolutionConfigurationPlatforms) = preSolution
		Debug|Any CPU = Debug|Any CPU
		Release|Any CPU = Release|Any CPU
	EndGlobalSection
	GlobalSection(ProjectConfigurationPlatforms) = postSolution
		{CBD5006A-F261-455E-924C-49947849EAA0}.Debug|Any CPU.ActiveCfg = Debug|Any CPU
		{CBD5006A-F261-455E-924C-49947849EAA0}.Debug|Any CPU.Build.0 = Debug|Any CPU
		{CBD5006A-F261-455E-924C-49947849EAA0}.Release|Any CPU.ActiveCfg = Release|Any CPU
		{CBD5006A-F261-455E-924C-49947849EAA0}.Release|Any CPU.Build.0 = Release|Any CPU
	EndGlobalSection
	GlobalSection(SolutionProperties) = preSolution
		HideSolutionNode = FALSE
	EndGlobalSection
	GlobalSection(ExtensibilityGlobals) = postSolution
		SolutionGuid = {8FADAB66-2472-45E8-B630-90CA4A339894}
	EndGlobalSection
EndGlobal
